// !$*UTF8*$!
{
	archiveVersion = 1;
	classes = {
	};
	objectVersion = 55;
	objects = {

/* Begin PBXBuildFile section */
		EE539CE0278ED4BF0037AAB1 /* AppDelegate.swift in Sources */ = {isa = PBXBuildFile; fileRef = EE539CDF278ED4BF0037AAB1 /* AppDelegate.swift */; };
		EE539CE2278ED4BF0037AAB1 /* SceneDelegate.swift in Sources */ = {isa = PBXBuildFile; fileRef = EE539CE1278ED4BF0037AAB1 /* SceneDelegate.swift */; };
		EE539CE4278ED4BF0037AAB1 /* ViewController.swift in Sources */ = {isa = PBXBuildFile; fileRef = EE539CE3278ED4BF0037AAB1 /* ViewController.swift */; };
		EE539CE7278ED4BF0037AAB1 /* Main.storyboard in Resources */ = {isa = PBXBuildFile; fileRef = EE539CE5278ED4BF0037AAB1 /* Main.storyboard */; };
		EE539CE9278ED4C00037AAB1 /* Assets.xcassets in Resources */ = {isa = PBXBuildFile; fileRef = EE539CE8278ED4C00037AAB1 /* Assets.xcassets */; };
		EE539CEC278ED4C00037AAB1 /* LaunchScreen.storyboard in Resources */ = {isa = PBXBuildFile; fileRef = EE539CEA278ED4C00037AAB1 /* LaunchScreen.storyboard */; };
		EE539CF7278ED4C10037AAB1 /* HelloWorldTests.swift in Sources */ = {isa = PBXBuildFile; fileRef = EE539CF6278ED4C10037AAB1 /* HelloWorldTests.swift */; };
		EE539D01278ED4C10037AAB1 /* HelloWorldUITests.swift in Sources */ = {isa = PBXBuildFile; fileRef = EE539D00278ED4C10037AAB1 /* HelloWorldUITests.swift */; };
		EE539D03278ED4C10037AAB1 /* HelloWorldUITestsLaunchTests.swift in Sources */ = {isa = PBXBuildFile; fileRef = EE539D02278ED4C10037AAB1 /* HelloWorldUITestsLaunchTests.swift */; };
/* End PBXBuildFile section */

/* Begin PBXContainerItemProxy section */
		EE539CF3278ED4C10037AAB1 /* PBXContainerItemProxy */ = {
			isa = PBXContainerItemProxy;
			containerPortal = EE539CD4278ED4BF0037AAB1 /* Project object */;
			proxyType = 1;
			remoteGlobalIDString = EE539CDB278ED4BF0037AAB1;
			remoteInfo = HelloWorld;
		};
		EE539CFD278ED4C10037AAB1 /* PBXContainerItemProxy */ = {
			isa = PBXContainerItemProxy;
			containerPortal = EE539CD4278ED4BF0037AAB1 /* Project object */;
			proxyType = 1;
			remoteGlobalIDString = EE539CDB278ED4BF0037AAB1;
			remoteInfo = HelloWorld;
		};
/* End PBXContainerItemProxy section */

/* Begin PBXFileReference section */
		EE539CDC278ED4BF0037AAB1 /* HelloWorld.app */ = {isa = PBXFileReference; explicitFileType = wrapper.application; includeInIndex = 0; path = HelloWorld.app; sourceTree = BUILT_PRODUCTS_DIR; };
		EE539CDF278ED4BF0037AAB1 /* AppDelegate.swift */ = {isa = PBXFileReference; lastKnownFileType = sourcecode.swift; path = AppDelegate.swift; sourceTree = "<group>"; };
		EE539CE1278ED4BF0037AAB1 /* SceneDelegate.swift */ = {isa = PBXFileReference; lastKnownFileType = sourcecode.swift; path = SceneDelegate.swift; sourceTree = "<group>"; };
		EE539CE3278ED4BF0037AAB1 /* ViewController.swift */ = {isa = PBXFileReference; lastKnownFileType = sourcecode.swift; path = ViewController.swift; sourceTree = "<group>"; };
		EE539CE6278ED4BF0037AAB1 /* Base */ = {isa = PBXFileReference; lastKnownFileType = file.storyboard; name = Base; path = Base.lproj/Main.storyboard; sourceTree = "<group>"; };
		EE539CE8278ED4C00037AAB1 /* Assets.xcassets */ = {isa = PBXFileReference; lastKnownFileType = folder.assetcatalog; path = Assets.xcassets; sourceTree = "<group>"; };
		EE539CEB278ED4C00037AAB1 /* Base */ = {isa = PBXFileReference; lastKnownFileType = file.storyboard; name = Base; path = Base.lproj/LaunchScreen.storyboard; sourceTree = "<group>"; };
		EE539CED278ED4C00037AAB1 /* Info.plist */ = {isa = PBXFileReference; lastKnownFileType = text.plist.xml; path = Info.plist; sourceTree = "<group>"; };
		EE539CF2278ED4C10037AAB1 /* HelloWorldTests.xctest */ = {isa = PBXFileReference; explicitFileType = wrapper.cfbundle; includeInIndex = 0; path = HelloWorldTests.xctest; sourceTree = BUILT_PRODUCTS_DIR; };
		EE539CF6278ED4C10037AAB1 /* HelloWorldTests.swift */ = {isa = PBXFileReference; lastKnownFileType = sourcecode.swift; path = HelloWorldTests.swift; sourceTree = "<group>"; };
		EE539CFC278ED4C10037AAB1 /* HelloWorldUITests.xctest */ = {isa = PBXFileReference; explicitFileType = wrapper.cfbundle; includeInIndex = 0; path = HelloWorldUITests.xctest; sourceTree = BUILT_PRODUCTS_DIR; };
		EE539D00278ED4C10037AAB1 /* HelloWorldUITests.swift */ = {isa = PBXFileReference; lastKnownFileType = sourcecode.swift; path = HelloWorldUITests.swift; sourceTree = "<group>"; };
		EE539D02278ED4C10037AAB1 /* HelloWorldUITestsLaunchTests.swift */ = {isa = PBXFileReference; lastKnownFileType = sourcecode.swift; path = HelloWorldUITestsLaunchTests.swift; sourceTree = "<group>"; };
/* End PBXFileReference section */

/* Begin PBXFrameworksBuildPhase section */
		EE539CD9278ED4BF0037AAB1 /* Frameworks */ = {
			isa = PBXFrameworksBuildPhase;
			buildActionMask = 2147483647;
			files = (
			);
			runOnlyForDeploymentPostprocessing = 0;
		};
		EE539CEF278ED4C10037AAB1 /* Frameworks */ = {
			isa = PBXFrameworksBuildPhase;
			buildActionMask = 2147483647;
			files = (
			);
			runOnlyForDeploymentPostprocessing = 0;
		};
		EE539CF9278ED4C10037AAB1 /* Frameworks */ = {
			isa = PBXFrameworksBuildPhase;
			buildActionMask = 2147483647;
			files = (
			);
			runOnlyForDeploymentPostprocessing = 0;
		};
/* End PBXFrameworksBuildPhase section */

/* Begin PBXGroup section */
		EE539CD3278ED4BF0037AAB1 = {
			isa = PBXGroup;
			children = (
				EE539CDE278ED4BF0037AAB1 /* HelloWorld */,
				EE539CF5278ED4C10037AAB1 /* HelloWorldTests */,
				EE539CFF278ED4C10037AAB1 /* HelloWorldUITests */,
				EE539CDD278ED4BF0037AAB1 /* Products */,
			);
			sourceTree = "<group>";
		};
		EE539CDD278ED4BF0037AAB1 /* Products */ = {
			isa = PBXGroup;
			children = (
				EE539CDC278ED4BF0037AAB1 /* HelloWorld.app */,
				EE539CF2278ED4C10037AAB1 /* HelloWorldTests.xctest */,
				EE539CFC278ED4C10037AAB1 /* HelloWorldUITests.xctest */,
			);
			name = Products;
			sourceTree = "<group>";
		};
		EE539CDE278ED4BF0037AAB1 /* HelloWorld */ = {
			isa = PBXGroup;
			children = (
				EE539CDF278ED4BF0037AAB1 /* AppDelegate.swift */,
				EE539CE1278ED4BF0037AAB1 /* SceneDelegate.swift */,
				EE539CE3278ED4BF0037AAB1 /* ViewController.swift */,
				EE539CE5278ED4BF0037AAB1 /* Main.storyboard */,
				EE539CE8278ED4C00037AAB1 /* Assets.xcassets */,
				EE539CEA278ED4C00037AAB1 /* LaunchScreen.storyboard */,
				EE539CED278ED4C00037AAB1 /* Info.plist */,
			);
			path = HelloWorld;
			sourceTree = "<group>";
		};
		EE539CF5278ED4C10037AAB1 /* HelloWorldTests */ = {
			isa = PBXGroup;
			children = (
				EE539CF6278ED4C10037AAB1 /* HelloWorldTests.swift */,
			);
			path = HelloWorldTests;
			sourceTree = "<group>";
		};
		EE539CFF278ED4C10037AAB1 /* HelloWorldUITests */ = {
			isa = PBXGroup;
			children = (
				EE539D00278ED4C10037AAB1 /* HelloWorldUITests.swift */,
				EE539D02278ED4C10037AAB1 /* HelloWorldUITestsLaunchTests.swift */,
			);
			path = HelloWorldUITests;
			sourceTree = "<group>";
		};
/* End PBXGroup section */

/* Begin PBXNativeTarget section */
		EE539CDB278ED4BF0037AAB1 /* HelloWorld */ = {
			isa = PBXNativeTarget;
			buildConfigurationList = EE539D06278ED4C10037AAB1 /* Build configuration list for PBXNativeTarget "HelloWorld" */;
			buildPhases = (
				EE539CD8278ED4BF0037AAB1 /* Sources */,
				EE539CD9278ED4BF0037AAB1 /* Frameworks */,
				EE539CDA278ED4BF0037AAB1 /* Resources */,
			);
			buildRules = (
			);
			dependencies = (
			);
			name = HelloWorld;
			productName = HelloWorld;
			productReference = EE539CDC278ED4BF0037AAB1 /* HelloWorld.app */;
			productType = "com.apple.product-type.application";
		};
		EE539CF1278ED4C10037AAB1 /* HelloWorldTests */ = {
			isa = PBXNativeTarget;
			buildConfigurationList = EE539D09278ED4C10037AAB1 /* Build configuration list for PBXNativeTarget "HelloWorldTests" */;
			buildPhases = (
				EE539CEE278ED4C10037AAB1 /* Sources */,
				EE539CEF278ED4C10037AAB1 /* Frameworks */,
				EE539CF0278ED4C10037AAB1 /* Resources */,
			);
			buildRules = (
			);
			dependencies = (
				EE539CF4278ED4C10037AAB1 /* PBXTargetDependency */,
			);
			name = HelloWorldTests;
			productName = HelloWorldTests;
			productReference = EE539CF2278ED4C10037AAB1 /* HelloWorldTests.xctest */;
			productType = "com.apple.product-type.bundle.unit-test";
		};
		EE539CFB278ED4C10037AAB1 /* HelloWorldUITests */ = {
			isa = PBXNativeTarget;
			buildConfigurationList = EE539D0C278ED4C10037AAB1 /* Build configuration list for PBXNativeTarget "HelloWorldUITests" */;
			buildPhases = (
				EE539CF8278ED4C10037AAB1 /* Sources */,
				EE539CF9278ED4C10037AAB1 /* Frameworks */,
				EE539CFA278ED4C10037AAB1 /* Resources */,
			);
			buildRules = (
			);
			dependencies = (
				EE539CFE278ED4C10037AAB1 /* PBXTargetDependency */,
			);
			name = HelloWorldUITests;
			productName = HelloWorldUITests;
			productReference = EE539CFC278ED4C10037AAB1 /* HelloWorldUITests.xctest */;
			productType = "com.apple.product-type.bundle.ui-testing";
		};
/* End PBXNativeTarget section */

/* Begin PBXProject section */
		EE539CD4278ED4BF0037AAB1 /* Project object */ = {
			isa = PBXProject;
			attributes = {
				BuildIndependentTargetsInParallel = 1;
				LastSwiftUpdateCheck = 1320;
				LastUpgradeCheck = 1320;
				TargetAttributes = {
					EE539CDB278ED4BF0037AAB1 = {
						CreatedOnToolsVersion = 13.2.1;
					};
					EE539CF1278ED4C10037AAB1 = {
						CreatedOnToolsVersion = 13.2.1;
						TestTargetID = EE539CDB278ED4BF0037AAB1;
					};
					EE539CFB278ED4C10037AAB1 = {
						CreatedOnToolsVersion = 13.2.1;
						TestTargetID = EE539CDB278ED4BF0037AAB1;
					};
				};
			};
			buildConfigurationList = EE539CD7278ED4BF0037AAB1 /* Build configuration list for PBXProject "HelloWorld" */;
			compatibilityVersion = "Xcode 13.0";
			developmentRegion = en;
			hasScannedForEncodings = 0;
			knownRegions = (
				en,
				Base,
			);
			mainGroup = EE539CD3278ED4BF0037AAB1;
			productRefGroup = EE539CDD278ED4BF0037AAB1 /* Products */;
			projectDirPath = "";
			projectRoot = "";
			targets = (
				EE539CDB278ED4BF0037AAB1 /* HelloWorld */,
				EE539CF1278ED4C10037AAB1 /* HelloWorldTests */,
				EE539CFB278ED4C10037AAB1 /* HelloWorldUITests */,
			);
		};
/* End PBXProject section */

/* Begin PBXResourcesBuildPhase section */
		EE539CDA278ED4BF0037AAB1 /* Resources */ = {
			isa = PBXResourcesBuildPhase;
			buildActionMask = 2147483647;
			files = (
				EE539CEC278ED4C00037AAB1 /* LaunchScreen.storyboard in Resources */,
				EE539CE9278ED4C00037AAB1 /* Assets.xcassets in Resources */,
				EE539CE7278ED4BF0037AAB1 /* Main.storyboard in Resources */,
			);
			runOnlyForDeploymentPostprocessing = 0;
		};
		EE539CF0278ED4C10037AAB1 /* Resources */ = {
			isa = PBXResourcesBuildPhase;
			buildActionMask = 2147483647;
			files = (
			);
			runOnlyForDeploymentPostprocessing = 0;
		};
		EE539CFA278ED4C10037AAB1 /* Resources */ = {
			isa = PBXResourcesBuildPhase;
			buildActionMask = 2147483647;
			files = (
			);
			runOnlyForDeploymentPostprocessing = 0;
		};
/* End PBXResourcesBuildPhase section */

/* Begin PBXSourcesBuildPhase section */
		EE539CD8278ED4BF0037AAB1 /* Sources */ = {
			isa = PBXSourcesBuildPhase;
			buildActionMask = 2147483647;
			files = (
				EE539CE4278ED4BF0037AAB1 /* ViewController.swift in Sources */,
				EE539CE0278ED4BF0037AAB1 /* AppDelegate.swift in Sources */,
				EE539CE2278ED4BF0037AAB1 /* SceneDelegate.swift in Sources */,
			);
			runOnlyForDeploymentPostprocessing = 0;
		};
		EE539CEE278ED4C10037AAB1 /* Sources */ = {
			isa = PBXSourcesBuildPhase;
			buildActionMask = 2147483647;
			files = (
				EE539CF7278ED4C10037AAB1 /* HelloWorldTests.swift in Sources */,
			);
			runOnlyForDeploymentPostprocessing = 0;
		};
		EE539CF8278ED4C10037AAB1 /* Sources */ = {
			isa = PBXSourcesBuildPhase;
			buildActionMask = 2147483647;
			files = (
				EE539D03278ED4C10037AAB1 /* HelloWorldUITestsLaunchTests.swift in Sources */,
				EE539D01278ED4C10037AAB1 /* HelloWorldUITests.swift in Sources */,
			);
			runOnlyForDeploymentPostprocessing = 0;
		};
/* End PBXSourcesBuildPhase section */

/* Begin PBXTargetDependency section */
		EE539CF4278ED4C10037AAB1 /* PBXTargetDependency */ = {
			isa = PBXTargetDependency;
			target = EE539CDB278ED4BF0037AAB1 /* HelloWorld */;
			targetProxy = EE539CF3278ED4C10037AAB1 /* PBXContainerItemProxy */;
		};
		EE539CFE278ED4C10037AAB1 /* PBXTargetDependency */ = {
			isa = PBXTargetDependency;
			target = EE539CDB278ED4BF0037AAB1 /* HelloWorld */;
			targetProxy = EE539CFD278ED4C10037AAB1 /* PBXContainerItemProxy */;
		};
/* End PBXTargetDependency section */

/* Begin PBXVariantGroup section */
		EE539CE5278ED4BF0037AAB1 /* Main.storyboard */ = {
			isa = PBXVariantGroup;
			children = (
				EE539CE6278ED4BF0037AAB1 /* Base */,
			);
			name = Main.storyboard;
			sourceTree = "<group>";
		};
		EE539CEA278ED4C00037AAB1 /* LaunchScreen.storyboard */ = {
			isa = PBXVariantGroup;
			children = (
				EE539CEB278ED4C00037AAB1 /* Base */,
			);
			name = LaunchScreen.storyboard;
			sourceTree = "<group>";
		};
/* End PBXVariantGroup section */

/* Begin XCBuildConfiguration section */
		EE539D04278ED4C10037AAB1 /* Debug */ = {
			isa = XCBuildConfiguration;
			buildSettings = {
				ALWAYS_SEARCH_USER_PATHS = NO;
				CLANG_ANALYZER_NONNULL = YES;
				CLANG_ANALYZER_NUMBER_OBJECT_CONVERSION = YES_AGGRESSIVE;
				CLANG_CXX_LANGUAGE_STANDARD = "gnu++17";
				CLANG_CXX_LIBRARY = "libc++";
				CLANG_ENABLE_MODULES = YES;
				CLANG_ENABLE_OBJC_ARC = YES;
				CLANG_ENABLE_OBJC_WEAK = YES;
				CLANG_WARN_BLOCK_CAPTURE_AUTORELEASING = YES;
				CLANG_WARN_BOOL_CONVERSION = YES;
				CLANG_WARN_COMMA = YES;
				CLANG_WARN_CONSTANT_CONVERSION = YES;
				CLANG_WARN_DEPRECATED_OBJC_IMPLEMENTATIONS = YES;
				CLANG_WARN_DIRECT_OBJC_ISA_USAGE = YES_ERROR;
				CLANG_WARN_DOCUMENTATION_COMMENTS = YES;
				CLANG_WARN_EMPTY_BODY = YES;
				CLANG_WARN_ENUM_CONVERSION = YES;
				CLANG_WARN_INFINITE_RECURSION = YES;
				CLANG_WARN_INT_CONVERSION = YES;
				CLANG_WARN_NON_LITERAL_NULL_CONVERSION = YES;
				CLANG_WARN_OBJC_IMPLICIT_RETAIN_SELF = YES;
				CLANG_WARN_OBJC_LITERAL_CONVERSION = YES;
				CLANG_WARN_OBJC_ROOT_CLASS = YES_ERROR;
				CLANG_WARN_QUOTED_INCLUDE_IN_FRAMEWORK_HEADER = YES;
				CLANG_WARN_RANGE_LOOP_ANALYSIS = YES;
				CLANG_WARN_STRICT_PROTOTYPES = YES;
				CLANG_WARN_SUSPICIOUS_MOVE = YES;
				CLANG_WARN_UNGUARDED_AVAILABILITY = YES_AGGRESSIVE;
				CLANG_WARN_UNREACHABLE_CODE = YES;
				CLANG_WARN__DUPLICATE_METHOD_MATCH = YES;
				COPY_PHASE_STRIP = NO;
				DEBUG_INFORMATION_FORMAT = dwarf;
				ENABLE_STRICT_OBJC_MSGSEND = YES;
				ENABLE_TESTABILITY = YES;
				GCC_C_LANGUAGE_STANDARD = gnu11;
				GCC_DYNAMIC_NO_PIC = NO;
				GCC_NO_COMMON_BLOCKS = YES;
				GCC_OPTIMIZATION_LEVEL = 0;
				GCC_PREPROCESSOR_DEFINITIONS = (
					"DEBUG=1",
					"$(inherited)",
				);
				GCC_WARN_64_TO_32_BIT_CONVERSION = YES;
				GCC_WARN_ABOUT_RETURN_TYPE = YES_ERROR;
				GCC_WARN_UNDECLARED_SELECTOR = YES;
				GCC_WARN_UNINITIALIZED_AUTOS = YES_AGGRESSIVE;
				GCC_WARN_UNUSED_FUNCTION = YES;
				GCC_WARN_UNUSED_VARIABLE = YES;
				IPHONEOS_DEPLOYMENT_TARGET = 15.2;
				MTL_ENABLE_DEBUG_INFO = INCLUDE_SOURCE;
				MTL_FAST_MATH = YES;
				ONLY_ACTIVE_ARCH = YES;
				SDKROOT = iphoneos;
				SWIFT_ACTIVE_COMPILATION_CONDITIONS = DEBUG;
				SWIFT_OPTIMIZATION_LEVEL = "-Onone";
			};
			name = Debug;
		};
		EE539D05278ED4C10037AAB1 /* Release */ = {
			isa = XCBuildConfiguration;
			buildSettings = {
				ALWAYS_SEARCH_USER_PATHS = NO;
				CLANG_ANALYZER_NONNULL = YES;
				CLANG_ANALYZER_NUMBER_OBJECT_CONVERSION = YES_AGGRESSIVE;
				CLANG_CXX_LANGUAGE_STANDARD = "gnu++17";
				CLANG_CXX_LIBRARY = "libc++";
				CLANG_ENABLE_MODULES = YES;
				CLANG_ENABLE_OBJC_ARC = YES;
				CLANG_ENABLE_OBJC_WEAK = YES;
				CLANG_WARN_BLOCK_CAPTURE_AUTORELEASING = YES;
				CLANG_WARN_BOOL_CONVERSION = YES;
				CLANG_WARN_COMMA = YES;
				CLANG_WARN_CONSTANT_CONVERSION = YES;
				CLANG_WARN_DEPRECATED_OBJC_IMPLEMENTATIONS = YES;
				CLANG_WARN_DIRECT_OBJC_ISA_USAGE = YES_ERROR;
				CLANG_WARN_DOCUMENTATION_COMMENTS = YES;
				CLANG_WARN_EMPTY_BODY = YES;
				CLANG_WARN_ENUM_CONVERSION = YES;
				CLANG_WARN_INFINITE_RECURSION = YES;
				CLANG_WARN_INT_CONVERSION = YES;
				CLANG_WARN_NON_LITERAL_NULL_CONVERSION = YES;
				CLANG_WARN_OBJC_IMPLICIT_RETAIN_SELF = YES;
				CLANG_WARN_OBJC_LITERAL_CONVERSION = YES;
				CLANG_WARN_OBJC_ROOT_CLASS = YES_ERROR;
				CLANG_WARN_QUOTED_INCLUDE_IN_FRAMEWORK_HEADER = YES;
				CLANG_WARN_RANGE_LOOP_ANALYSIS = YES;
				CLANG_WARN_STRICT_PROTOTYPES = YES;
				CLANG_WARN_SUSPICIOUS_MOVE = YES;
				CLANG_WARN_UNGUARDED_AVAILABILITY = YES_AGGRESSIVE;
				CLANG_WARN_UNREACHABLE_CODE = YES;
				CLANG_WARN__DUPLICATE_METHOD_MATCH = YES;
				COPY_PHASE_STRIP = NO;
				DEBUG_INFORMATION_FORMAT = "dwarf-with-dsym";
				ENABLE_NS_ASSERTIONS = NO;
				ENABLE_STRICT_OBJC_MSGSEND = YES;
				GCC_C_LANGUAGE_STANDARD = gnu11;
				GCC_NO_COMMON_BLOCKS = YES;
				GCC_WARN_64_TO_32_BIT_CONVERSION = YES;
				GCC_WARN_ABOUT_RETURN_TYPE = YES_ERROR;
				GCC_WARN_UNDECLARED_SELECTOR = YES;
				GCC_WARN_UNINITIALIZED_AUTOS = YES_AGGRESSIVE;
				GCC_WARN_UNUSED_FUNCTION = YES;
				GCC_WARN_UNUSED_VARIABLE = YES;
				IPHONEOS_DEPLOYMENT_TARGET = 15.2;
				MTL_ENABLE_DEBUG_INFO = NO;
				MTL_FAST_MATH = YES;
				SDKROOT = iphoneos;
				SWIFT_COMPILATION_MODE = wholemodule;
				SWIFT_OPTIMIZATION_LEVEL = "-O";
				VALIDATE_PRODUCT = YES;
			};
			name = Release;
		};
		EE539D07278ED4C10037AAB1 /* Debug */ = {
			isa = XCBuildConfiguration;
			buildSettings = {
				ASSETCATALOG_COMPILER_APPICON_NAME = AppIcon;
				ASSETCATALOG_COMPILER_GLOBAL_ACCENT_COLOR_NAME = AccentColor;
				CODE_SIGN_STYLE = Automatic;
				CURRENT_PROJECT_VERSION = 1;
				DEVELOPMENT_TEAM = 5HHW6B7BPU;
				GENERATE_INFOPLIST_FILE = YES;
				INFOPLIST_FILE = HelloWorld/Info.plist;
				INFOPLIST_KEY_UIApplicationSupportsIndirectInputEvents = YES;
				INFOPLIST_KEY_UILaunchStoryboardName = LaunchScreen;
				INFOPLIST_KEY_UIMainStoryboardFile = Main;
				INFOPLIST_KEY_UISupportedInterfaceOrientations_iPad = "UIInterfaceOrientationPortrait UIInterfaceOrientationPortraitUpsideDown UIInterfaceOrientationLandscapeLeft UIInterfaceOrientationLandscapeRight";
				INFOPLIST_KEY_UISupportedInterfaceOrientations_iPhone = "UIInterfaceOrientationPortrait UIInterfaceOrientationLandscapeLeft UIInterfaceOrientationLandscapeRight";
				LD_RUNPATH_SEARCH_PATHS = (
					"$(inherited)",
					"@executable_path/Frameworks",
				);
				MARKETING_VERSION = 1.0;
				PRODUCT_BUNDLE_IDENTIFIER = khan.sardar.HelloWorld;
				PRODUCT_NAME = "$(TARGET_NAME)";
				SWIFT_EMIT_LOC_STRINGS = YES;
				SWIFT_VERSION = 5.0;
				TARGETED_DEVICE_FAMILY = "1,2";
			};
			name = Debug;
		};
		EE539D08278ED4C10037AAB1 /* Release */ = {
			isa = XCBuildConfiguration;
			buildSettings = {
				ASSETCATALOG_COMPILER_APPICON_NAME = AppIcon;
				ASSETCATALOG_COMPILER_GLOBAL_ACCENT_COLOR_NAME = AccentColor;
				CODE_SIGN_STYLE = Automatic;
				CURRENT_PROJECT_VERSION = 1;
				DEVELOPMENT_TEAM = 5HHW6B7BPU;
				GENERATE_INFOPLIST_FILE = YES;
				INFOPLIST_FILE = HelloWorld/Info.plist;
				INFOPLIST_KEY_UIApplicationSupportsIndirectInputEvents = YES;
				INFOPLIST_KEY_UILaunchStoryboardName = LaunchScreen;
				INFOPLIST_KEY_UIMainStoryboardFile = Main;
				INFOPLIST_KEY_UISupportedInterfaceOrientations_iPad = "UIInterfaceOrientationPortrait UIInterfaceOrientationPortraitUpsideDown UIInterfaceOrientationLandscapeLeft UIInterfaceOrientationLandscapeRight";
				INFOPLIST_KEY_UISupportedInterfaceOrientations_iPhone = "UIInterfaceOrientationPortrait UIInterfaceOrientationLandscapeLeft UIInterfaceOrientationLandscapeRight";
				LD_RUNPATH_SEARCH_PATHS = (
					"$(inherited)",
					"@executable_path/Frameworks",
				);
				MARKETING_VERSION = 1.0;
				PRODUCT_BUNDLE_IDENTIFIER = khan.sardar.HelloWorld;
				PRODUCT_NAME = "$(TARGET_NAME)";
				SWIFT_EMIT_LOC_STRINGS = YES;
				SWIFT_VERSION = 5.0;
				TARGETED_DEVICE_FAMILY = "1,2";
			};
			name = Release;
		};
		EE539D0A278ED4C10037AAB1 /* Debug */ = {
			isa = XCBuildConfiguration;
			buildSettings = {
				ALWAYS_EMBED_SWIFT_STANDARD_LIBRARIES = YES;
				BUNDLE_LOADER = "$(TEST_HOST)";
				CODE_SIGN_STYLE = Automatic;
				CURRENT_PROJECT_VERSION = 1;
				DEVELOPMENT_TEAM = 5HHW6B7BPU;
				GENERATE_INFOPLIST_FILE = YES;
				IPHONEOS_DEPLOYMENT_TARGET = 15.2;
				MARKETING_VERSION = 1.0;
				PRODUCT_BUNDLE_IDENTIFIER = khan.sardar.HelloWorldTests;
				PRODUCT_NAME = "$(TARGET_NAME)";
				SWIFT_EMIT_LOC_STRINGS = NO;
				SWIFT_VERSION = 5.0;
				TARGETED_DEVICE_FAMILY = "1,2";
				TEST_HOST = "$(BUILT_PRODUCTS_DIR)/HelloWorld.app/HelloWorld";
			};
			name = Debug;
		};
		EE539D0B278ED4C10037AAB1 /* Release */ = {
			isa = XCBuildConfiguration;
			buildSettings = {
				ALWAYS_EMBED_SWIFT_STANDARD_LIBRARIES = YES;
				BUNDLE_LOADER = "$(TEST_HOST)";
				CODE_SIGN_STYLE = Automatic;
				CURRENT_PROJECT_VERSION = 1;
				DEVELOPMENT_TEAM = 5HHW6B7BPU;
				GENERATE_INFOPLIST_FILE = YES;
				IPHONEOS_DEPLOYMENT_TARGET = 15.2;
				MARKETING_VERSION = 1.0;
				PRODUCT_BUNDLE_IDENTIFIER = khan.sardar.HelloWorldTests;
				PRODUCT_NAME = "$(TARGET_NAME)";
				SWIFT_EMIT_LOC_STRINGS = NO;
				SWIFT_VERSION = 5.0;
				TARGETED_DEVICE_FAMILY = "1,2";
				TEST_HOST = "$(BUILT_PRODUCTS_DIR)/HelloWorld.app/HelloWorld";
			};
			name = Release;
		};
		EE539D0D278ED4C10037AAB1 /* Debug */ = {
			isa = XCBuildConfiguration;
			buildSettings = {
				ALWAYS_EMBED_SWIFT_STANDARD_LIBRARIES = YES;
				CODE_SIGN_STYLE = Automatic;
				CURRENT_PROJECT_VERSION = 1;
				DEVELOPMENT_TEAM = 5HHW6B7BPU;
				GENERATE_INFOPLIST_FILE = YES;
				MARKETING_VERSION = 1.0;
				PRODUCT_BUNDLE_IDENTIFIER = khan.sardar.HelloWorldUITests;
				PRODUCT_NAME = "$(TARGET_NAME)";
				SWIFT_EMIT_LOC_STRINGS = NO;
				SWIFT_VERSION = 5.0;
				TARGETED_DEVICE_FAMILY = "1,2";
				TEST_TARGET_NAME = HelloWorld;
			};
			name = Debug;
		};
		EE539D0E278ED4C10037AAB1 /* Release */ = {
			isa = XCBuildConfiguration;
			buildSettings = {
				ALWAYS_EMBED_SWIFT_STANDARD_LIBRARIES = YES;
				CODE_SIGN_STYLE = Automatic;
				CURRENT_PROJECT_VERSION = 1;
				DEVELOPMENT_TEAM = 5HHW6B7BPU;
				GENERATE_INFOPLIST_FILE = YES;
				MARKETING_VERSION = 1.0;
				PRODUCT_BUNDLE_IDENTIFIER = khan.sardar.HelloWorldUITests;
				PRODUCT_NAME = "$(TARGET_NAME)";
				SWIFT_EMIT_LOC_STRINGS = NO;
				SWIFT_VERSION = 5.0;
				TARGETED_DEVICE_FAMILY = "1,2";
				TEST_TARGET_NAME = HelloWorld;
			};
			name = Release;
		};
/* End XCBuildConfiguration section */

/* Begin XCConfigurationList section */
		EE539CD7278ED4BF0037AAB1 /* Build configuration list for PBXProject "HelloWorld" */ = {
			isa = XCConfigurationList;
			buildConfigurations = (
				EE539D04278ED4C10037AAB1 /* Debug */,
				EE539D05278ED4C10037AAB1 /* Release */,
			);
			defaultConfigurationIsVisible = 0;
			defaultConfigurationName = Release;
		};
		EE539D06278ED4C10037AAB1 /* Build configuration list for PBXNativeTarget "HelloWorld" */ = {
			isa = XCConfigurationList;
			buildConfigurations = (
				EE539D07278ED4C10037AAB1 /* Debug */,
				EE539D08278ED4C10037AAB1 /* Release */,
			);
			defaultConfigurationIsVisible = 0;
			defaultConfigurationName = Release;
		};
		EE539D09278ED4C10037AAB1 /* Build configuration list for PBXNativeTarget "HelloWorldTests" */ = {
			isa = XCConfigurationList;
			buildConfigurations = (
				EE539D0A278ED4C10037AAB1 /* Debug */,
				EE539D0B278ED4C10037AAB1 /* Release */,
			);
			defaultConfigurationIsVisible = 0;
			defaultConfigurationName = Release;
		};
		EE539D0C278ED4C10037AAB1 /* Build configuration list for PBXNativeTarget "HelloWorldUITests" */ = {
			isa = XCConfigurationList;
			buildConfigurations = (
				EE539D0D278ED4C10037AAB1 /* Debug */,
				EE539D0E278ED4C10037AAB1 /* Release */,
			);
			defaultConfigurationIsVisible = 0;
			defaultConfigurationName = Release;
		};
/* End XCConfigurationList section */
	};
	rootObject = EE539CD4278ED4BF0037AAB1 /* Project object */;
}
