// !$*UTF8*$!
{
	archiveVersion = 1;
	classes = {
	};
	objectVersion = 55;
	objects = {

/* Begin PBXBuildFile section */
		EE29535927AA33A500D82477 /* AppDelegate.swift in Sources */ = {isa = PBXBuildFile; fileRef = EE29535827AA33A500D82477 /* AppDelegate.swift */; };
		EE29535B27AA33A500D82477 /* SceneDelegate.swift in Sources */ = {isa = PBXBuildFile; fileRef = EE29535A27AA33A500D82477 /* SceneDelegate.swift */; };
		EE29535D27AA33A500D82477 /* tvViewController.swift in Sources */ = {isa = PBXBuildFile; fileRef = EE29535C27AA33A500D82477 /* tvViewController.swift */; };
		EE29536027AA33A500D82477 /* Main.storyboard in Resources */ = {isa = PBXBuildFile; fileRef = EE29535E27AA33A500D82477 /* Main.storyboard */; };
		EE29536227AA33A600D82477 /* Assets.xcassets in Resources */ = {isa = PBXBuildFile; fileRef = EE29536127AA33A600D82477 /* Assets.xcassets */; };
		EE29536527AA33A600D82477 /* LaunchScreen.storyboard in Resources */ = {isa = PBXBuildFile; fileRef = EE29536327AA33A600D82477 /* LaunchScreen.storyboard */; };
		EE95E69427C1EDA500AF8811 /* dvrViewController.swift in Sources */ = {isa = PBXBuildFile; fileRef = EE95E69327C1EDA500AF8811 /* dvrViewController.swift */; };
		EEB2AABD27D30F860047BC86 /* configViewController.swift in Sources */ = {isa = PBXBuildFile; fileRef = EEB2AABC27D30F860047BC86 /* configViewController.swift */; };
/* End PBXBuildFile section */

/* Begin PBXFileReference section */
		EE29535527AA33A500D82477 /* TVRemote.app */ = {isa = PBXFileReference; explicitFileType = wrapper.application; includeInIndex = 0; path = TVRemote.app; sourceTree = BUILT_PRODUCTS_DIR; };
		EE29535827AA33A500D82477 /* AppDelegate.swift */ = {isa = PBXFileReference; lastKnownFileType = sourcecode.swift; path = AppDelegate.swift; sourceTree = "<group>"; };
		EE29535A27AA33A500D82477 /* SceneDelegate.swift */ = {isa = PBXFileReference; lastKnownFileType = sourcecode.swift; path = SceneDelegate.swift; sourceTree = "<group>"; };
		EE29535C27AA33A500D82477 /* tvViewController.swift */ = {isa = PBXFileReference; lastKnownFileType = sourcecode.swift; path = tvViewController.swift; sourceTree = "<group>"; };
		EE29535F27AA33A500D82477 /* Base */ = {isa = PBXFileReference; lastKnownFileType = file.storyboard; name = Base; path = Base.lproj/Main.storyboard; sourceTree = "<group>"; };
		EE29536127AA33A600D82477 /* Assets.xcassets */ = {isa = PBXFileReference; lastKnownFileType = folder.assetcatalog; path = Assets.xcassets; sourceTree = "<group>"; };
		EE29536427AA33A600D82477 /* Base */ = {isa = PBXFileReference; lastKnownFileType = file.storyboard; name = Base; path = Base.lproj/LaunchScreen.storyboard; sourceTree = "<group>"; };
		EE29536627AA33A600D82477 /* Info.plist */ = {isa = PBXFileReference; lastKnownFileType = text.plist.xml; path = Info.plist; sourceTree = "<group>"; };
		EE95E69327C1EDA500AF8811 /* dvrViewController.swift */ = {isa = PBXFileReference; lastKnownFileType = sourcecode.swift; path = dvrViewController.swift; sourceTree = "<group>"; };
		EEB2AABC27D30F860047BC86 /* configViewController.swift */ = {isa = PBXFileReference; lastKnownFileType = sourcecode.swift; path = configViewController.swift; sourceTree = SOURCE_ROOT; };
/* End PBXFileReference section */

/* Begin PBXFrameworksBuildPhase section */
		EE29535227AA33A400D82477 /* Frameworks */ = {
			isa = PBXFrameworksBuildPhase;
			buildActionMask = 2147483647;
			files = (
			);
			runOnlyForDeploymentPostprocessing = 0;
		};
/* End PBXFrameworksBuildPhase section */

/* Begin PBXGroup section */
		EE29534C27AA33A400D82477 = {
			isa = PBXGroup;
			children = (
				EE29535727AA33A500D82477 /* TVRemote */,
				EE29535627AA33A500D82477 /* Products */,
			);
			sourceTree = "<group>";
		};
		EE29535627AA33A500D82477 /* Products */ = {
			isa = PBXGroup;
			children = (
				EE29535527AA33A500D82477 /* TVRemote.app */,
			);
			name = Products;
			sourceTree = "<group>";
		};
		EE29535727AA33A500D82477 /* TVRemote */ = {
			isa = PBXGroup;
			children = (
				EEB2AABC27D30F860047BC86 /* configViewController.swift */,
				EE29535827AA33A500D82477 /* AppDelegate.swift */,
				EE29535A27AA33A500D82477 /* SceneDelegate.swift */,
				EE29535C27AA33A500D82477 /* tvViewController.swift */,
				EE29535E27AA33A500D82477 /* Main.storyboard */,
				EE29536127AA33A600D82477 /* Assets.xcassets */,
				EE29536327AA33A600D82477 /* LaunchScreen.storyboard */,
				EE29536627AA33A600D82477 /* Info.plist */,
				EE95E69327C1EDA500AF8811 /* dvrViewController.swift */,
			);
			path = TVRemote;
			sourceTree = "<group>";
		};
/* End PBXGroup section */

/* Begin PBXNativeTarget section */
		EE29535427AA33A400D82477 /* TVRemote */ = {
			isa = PBXNativeTarget;
			buildConfigurationList = EE29536927AA33A600D82477 /* Build configuration list for PBXNativeTarget "TVRemote" */;
			buildPhases = (
				EE29535127AA33A400D82477 /* Sources */,
				EE29535227AA33A400D82477 /* Frameworks */,
				EE29535327AA33A400D82477 /* Resources */,
			);
			buildRules = (
			);
			dependencies = (
			);
			name = TVRemote;
			productName = TVRemote;
			productReference = EE29535527AA33A500D82477 /* TVRemote.app */;
			productType = "com.apple.product-type.application";
		};
/* End PBXNativeTarget section */

/* Begin PBXProject section */
		EE29534D27AA33A400D82477 /* Project object */ = {
			isa = PBXProject;
			attributes = {
				BuildIndependentTargetsInParallel = 1;
				LastSwiftUpdateCheck = 1320;
				LastUpgradeCheck = 1320;
				TargetAttributes = {
					EE29535427AA33A400D82477 = {
						CreatedOnToolsVersion = 13.2.1;
					};
				};
			};
			buildConfigurationList = EE29535027AA33A400D82477 /* Build configuration list for PBXProject "TVRemote" */;
			compatibilityVersion = "Xcode 13.0";
			developmentRegion = en;
			hasScannedForEncodings = 0;
			knownRegions = (
				en,
				Base,
			);
			mainGroup = EE29534C27AA33A400D82477;
			productRefGroup = EE29535627AA33A500D82477 /* Products */;
			projectDirPath = "";
			projectRoot = "";
			targets = (
				EE29535427AA33A400D82477 /* TVRemote */,
			);
		};
/* End PBXProject section */

/* Begin PBXResourcesBuildPhase section */
		EE29535327AA33A400D82477 /* Resources */ = {
			isa = PBXResourcesBuildPhase;
			buildActionMask = 2147483647;
			files = (
				EE29536527AA33A600D82477 /* LaunchScreen.storyboard in Resources */,
				EE29536227AA33A600D82477 /* Assets.xcassets in Resources */,
				EE29536027AA33A500D82477 /* Main.storyboard in Resources */,
			);
			runOnlyForDeploymentPostprocessing = 0;
		};
/* End PBXResourcesBuildPhase section */

/* Begin PBXSourcesBuildPhase section */
		EE29535127AA33A400D82477 /* Sources */ = {
			isa = PBXSourcesBuildPhase;
			buildActionMask = 2147483647;
			files = (
				EE29535D27AA33A500D82477 /* tvViewController.swift in Sources */,
				EE95E69427C1EDA500AF8811 /* dvrViewController.swift in Sources */,
				EE29535927AA33A500D82477 /* AppDelegate.swift in Sources */,
				EE29535B27AA33A500D82477 /* SceneDelegate.swift in Sources */,
				EEB2AABD27D30F860047BC86 /* configViewController.swift in Sources */,
			);
			runOnlyForDeploymentPostprocessing = 0;
		};
/* End PBXSourcesBuildPhase section */

/* Begin PBXVariantGroup section */
		EE29535E27AA33A500D82477 /* Main.storyboard */ = {
			isa = PBXVariantGroup;
			children = (
				EE29535F27AA33A500D82477 /* Base */,
			);
			name = Main.storyboard;
			sourceTree = "<group>";
		};
		EE29536327AA33A600D82477 /* LaunchScreen.storyboard */ = {
			isa = PBXVariantGroup;
			children = (
				EE29536427AA33A600D82477 /* Base */,
			);
			name = LaunchScreen.storyboard;
			sourceTree = "<group>";
		};
/* End PBXVariantGroup section */

/* Begin XCBuildConfiguration section */
		EE29536727AA33A600D82477 /* Debug */ = {
			isa = XCBuildConfiguration;
			buildSettings = {
				ALWAYS_SEARCH_USER_PATHS = NO;
				CLANG_ANALYZER_NONNULL = YES;
				CLANG_ANALYZER_NUMBER_OBJECT_CONVERSION = YES_AGGRESSIVE;
				CLANG_CXX_LANGUAGE_STANDARD = "gnu++17";
				CLANG_CXX_LIBRARY = "libc++";
				CLANG_ENABLE_MODULES = YES;
				CLANG_ENABLE_OBJC_ARC = YES;
				CLANG_ENABLE_OBJC_WEAK = YES;
				CLANG_WARN_BLOCK_CAPTURE_AUTORELEASING = YES;
				CLANG_WARN_BOOL_CONVERSION = YES;
				CLANG_WARN_COMMA = YES;
				CLANG_WARN_CONSTANT_CONVERSION = YES;
				CLANG_WARN_DEPRECATED_OBJC_IMPLEMENTATIONS = YES;
				CLANG_WARN_DIRECT_OBJC_ISA_USAGE = YES_ERROR;
				CLANG_WARN_DOCUMENTATION_COMMENTS = YES;
				CLANG_WARN_EMPTY_BODY = YES;
				CLANG_WARN_ENUM_CONVERSION = YES;
				CLANG_WARN_INFINITE_RECURSION = YES;
				CLANG_WARN_INT_CONVERSION = YES;
				CLANG_WARN_NON_LITERAL_NULL_CONVERSION = YES;
				CLANG_WARN_OBJC_IMPLICIT_RETAIN_SELF = YES;
				CLANG_WARN_OBJC_LITERAL_CONVERSION = YES;
				CLANG_WARN_OBJC_ROOT_CLASS = YES_ERROR;
				CLANG_WARN_QUOTED_INCLUDE_IN_FRAMEWORK_HEADER = YES;
				CLANG_WARN_RANGE_LOOP_ANALYSIS = YES;
				CLANG_WARN_STRICT_PROTOTYPES = YES;
				CLANG_WARN_SUSPICIOUS_MOVE = YES;
				CLANG_WARN_UNGUARDED_AVAILABILITY = YES_AGGRESSIVE;
				CLANG_WARN_UNREACHABLE_CODE = YES;
				CLANG_WARN__DUPLICATE_METHOD_MATCH = YES;
				COPY_PHASE_STRIP = NO;
				DEBUG_INFORMATION_FORMAT = dwarf;
				ENABLE_STRICT_OBJC_MSGSEND = YES;
				ENABLE_TESTABILITY = YES;
				GCC_C_LANGUAGE_STANDARD = gnu11;
				GCC_DYNAMIC_NO_PIC = NO;
				GCC_NO_COMMON_BLOCKS = YES;
				GCC_OPTIMIZATION_LEVEL = 0;
				GCC_PREPROCESSOR_DEFINITIONS = (
					"DEBUG=1",
					"$(inherited)",
				);
				GCC_WARN_64_TO_32_BIT_CONVERSION = YES;
				GCC_WARN_ABOUT_RETURN_TYPE = YES_ERROR;
				GCC_WARN_UNDECLARED_SELECTOR = YES;
				GCC_WARN_UNINITIALIZED_AUTOS = YES_AGGRESSIVE;
				GCC_WARN_UNUSED_FUNCTION = YES;
				GCC_WARN_UNUSED_VARIABLE = YES;
				IPHONEOS_DEPLOYMENT_TARGET = 15.2;
				MTL_ENABLE_DEBUG_INFO = INCLUDE_SOURCE;
				MTL_FAST_MATH = YES;
				ONLY_ACTIVE_ARCH = YES;
				SDKROOT = iphoneos;
				SWIFT_ACTIVE_COMPILATION_CONDITIONS = DEBUG;
				SWIFT_OPTIMIZATION_LEVEL = "-Onone";
			};
			name = Debug;
		};
		EE29536827AA33A600D82477 /* Release */ = {
			isa = XCBuildConfiguration;
			buildSettings = {
				ALWAYS_SEARCH_USER_PATHS = NO;
				CLANG_ANALYZER_NONNULL = YES;
				CLANG_ANALYZER_NUMBER_OBJECT_CONVERSION = YES_AGGRESSIVE;
				CLANG_CXX_LANGUAGE_STANDARD = "gnu++17";
				CLANG_CXX_LIBRARY = "libc++";
				CLANG_ENABLE_MODULES = YES;
				CLANG_ENABLE_OBJC_ARC = YES;
				CLANG_ENABLE_OBJC_WEAK = YES;
				CLANG_WARN_BLOCK_CAPTURE_AUTORELEASING = YES;
				CLANG_WARN_BOOL_CONVERSION = YES;
				CLANG_WARN_COMMA = YES;
				CLANG_WARN_CONSTANT_CONVERSION = YES;
				CLANG_WARN_DEPRECATED_OBJC_IMPLEMENTATIONS = YES;
				CLANG_WARN_DIRECT_OBJC_ISA_USAGE = YES_ERROR;
				CLANG_WARN_DOCUMENTATION_COMMENTS = YES;
				CLANG_WARN_EMPTY_BODY = YES;
				CLANG_WARN_ENUM_CONVERSION = YES;
				CLANG_WARN_INFINITE_RECURSION = YES;
				CLANG_WARN_INT_CONVERSION = YES;
				CLANG_WARN_NON_LITERAL_NULL_CONVERSION = YES;
				CLANG_WARN_OBJC_IMPLICIT_RETAIN_SELF = YES;
				CLANG_WARN_OBJC_LITERAL_CONVERSION = YES;
				CLANG_WARN_OBJC_ROOT_CLASS = YES_ERROR;
				CLANG_WARN_QUOTED_INCLUDE_IN_FRAMEWORK_HEADER = YES;
				CLANG_WARN_RANGE_LOOP_ANALYSIS = YES;
				CLANG_WARN_STRICT_PROTOTYPES = YES;
				CLANG_WARN_SUSPICIOUS_MOVE = YES;
				CLANG_WARN_UNGUARDED_AVAILABILITY = YES_AGGRESSIVE;
				CLANG_WARN_UNREACHABLE_CODE = YES;
				CLANG_WARN__DUPLICATE_METHOD_MATCH = YES;
				COPY_PHASE_STRIP = NO;
				DEBUG_INFORMATION_FORMAT = "dwarf-with-dsym";
				ENABLE_NS_ASSERTIONS = NO;
				ENABLE_STRICT_OBJC_MSGSEND = YES;
				GCC_C_LANGUAGE_STANDARD = gnu11;
				GCC_NO_COMMON_BLOCKS = YES;
				GCC_WARN_64_TO_32_BIT_CONVERSION = YES;
				GCC_WARN_ABOUT_RETURN_TYPE = YES_ERROR;
				GCC_WARN_UNDECLARED_SELECTOR = YES;
				GCC_WARN_UNINITIALIZED_AUTOS = YES_AGGRESSIVE;
				GCC_WARN_UNUSED_FUNCTION = YES;
				GCC_WARN_UNUSED_VARIABLE = YES;
				IPHONEOS_DEPLOYMENT_TARGET = 15.2;
				MTL_ENABLE_DEBUG_INFO = NO;
				MTL_FAST_MATH = YES;
				SDKROOT = iphoneos;
				SWIFT_COMPILATION_MODE = wholemodule;
				SWIFT_OPTIMIZATION_LEVEL = "-O";
				VALIDATE_PRODUCT = YES;
			};
			name = Release;
		};
		EE29536A27AA33A600D82477 /* Debug */ = {
			isa = XCBuildConfiguration;
			buildSettings = {
				ASSETCATALOG_COMPILER_APPICON_NAME = AppIcon;
				ASSETCATALOG_COMPILER_GLOBAL_ACCENT_COLOR_NAME = AccentColor;
				CODE_SIGN_STYLE = Automatic;
				CURRENT_PROJECT_VERSION = 1;
				DEVELOPMENT_TEAM = 5HHW6B7BPU;
				GENERATE_INFOPLIST_FILE = YES;
				INFOPLIST_FILE = TVRemote/Info.plist;
				INFOPLIST_KEY_UIApplicationSupportsIndirectInputEvents = YES;
				INFOPLIST_KEY_UILaunchStoryboardName = LaunchScreen;
				INFOPLIST_KEY_UIMainStoryboardFile = Main;
				INFOPLIST_KEY_UISupportedInterfaceOrientations_iPad = "UIInterfaceOrientationPortrait UIInterfaceOrientationPortraitUpsideDown UIInterfaceOrientationLandscapeLeft UIInterfaceOrientationLandscapeRight";
				INFOPLIST_KEY_UISupportedInterfaceOrientations_iPhone = "UIInterfaceOrientationPortrait UIInterfaceOrientationLandscapeLeft UIInterfaceOrientationLandscapeRight";
				LD_RUNPATH_SEARCH_PATHS = (
					"$(inherited)",
					"@executable_path/Frameworks",
				);
				MARKETING_VERSION = 1.0;
				PRODUCT_BUNDLE_IDENTIFIER = khan.sardar.TVRemote;
				PRODUCT_NAME = "$(TARGET_NAME)";
				SWIFT_EMIT_LOC_STRINGS = YES;
				SWIFT_VERSION = 5.0;
				TARGETED_DEVICE_FAMILY = "1,2";
			};
			name = Debug;
		};
		EE29536B27AA33A600D82477 /* Release */ = {
			isa = XCBuildConfiguration;
			buildSettings = {
				ASSETCATALOG_COMPILER_APPICON_NAME = AppIcon;
				ASSETCATALOG_COMPILER_GLOBAL_ACCENT_COLOR_NAME = AccentColor;
				CODE_SIGN_STYLE = Automatic;
				CURRENT_PROJECT_VERSION = 1;
				DEVELOPMENT_TEAM = 5HHW6B7BPU;
				GENERATE_INFOPLIST_FILE = YES;
				INFOPLIST_FILE = TVRemote/Info.plist;
				INFOPLIST_KEY_UIApplicationSupportsIndirectInputEvents = YES;
				INFOPLIST_KEY_UILaunchStoryboardName = LaunchScreen;
				INFOPLIST_KEY_UIMainStoryboardFile = Main;
				INFOPLIST_KEY_UISupportedInterfaceOrientations_iPad = "UIInterfaceOrientationPortrait UIInterfaceOrientationPortraitUpsideDown UIInterfaceOrientationLandscapeLeft UIInterfaceOrientationLandscapeRight";
				INFOPLIST_KEY_UISupportedInterfaceOrientations_iPhone = "UIInterfaceOrientationPortrait UIInterfaceOrientationLandscapeLeft UIInterfaceOrientationLandscapeRight";
				LD_RUNPATH_SEARCH_PATHS = (
					"$(inherited)",
					"@executable_path/Frameworks",
				);
				MARKETING_VERSION = 1.0;
				PRODUCT_BUNDLE_IDENTIFIER = khan.sardar.TVRemote;
				PRODUCT_NAME = "$(TARGET_NAME)";
				SWIFT_EMIT_LOC_STRINGS = YES;
				SWIFT_VERSION = 5.0;
				TARGETED_DEVICE_FAMILY = "1,2";
			};
			name = Release;
		};
/* End XCBuildConfiguration section */

/* Begin XCConfigurationList section */
		EE29535027AA33A400D82477 /* Build configuration list for PBXProject "TVRemote" */ = {
			isa = XCConfigurationList;
			buildConfigurations = (
				EE29536727AA33A600D82477 /* Debug */,
				EE29536827AA33A600D82477 /* Release */,
			);
			defaultConfigurationIsVisible = 0;
			defaultConfigurationName = Release;
		};
		EE29536927AA33A600D82477 /* Build configuration list for PBXNativeTarget "TVRemote" */ = {
			isa = XCConfigurationList;
			buildConfigurations = (
				EE29536A27AA33A600D82477 /* Debug */,
				EE29536B27AA33A600D82477 /* Release */,
			);
			defaultConfigurationIsVisible = 0;
			defaultConfigurationName = Release;
		};
/* End XCConfigurationList section */
	};
	rootObject = EE29534D27AA33A400D82477 /* Project object */;
}
